// !$*UTF8*$!
{
	archiveVersion = 1;
	classes = {
	};
	objectVersion = 50;
	objects = {

/* Begin PBXBuildFile section */
		945609FE26177470008E48B9 /* Constants.swift in Sources */ = {isa = PBXBuildFile; fileRef = 945609FD26177470008E48B9 /* Constants.swift */; };
		94560A012617ABD5008E48B9 /* AppConfiguration.swift in Sources */ = {isa = PBXBuildFile; fileRef = 94560A002617ABD5008E48B9 /* AppConfiguration.swift */; };
		946E56F0264AF063009D4276 /* IndianTrains.swift in Sources */ = {isa = PBXBuildFile; fileRef = 946E56EF264AF063009D4276 /* IndianTrains.swift */; };
		946E56F4264AF2AA009D4276 /* TrainName.swift in Sources */ = {isa = PBXBuildFile; fileRef = 946E56F3264AF2AA009D4276 /* TrainName.swift */; };
		9495506325F92F1000A2AD3C /* AppDelegate.swift in Sources */ = {isa = PBXBuildFile; fileRef = 9495506225F92F1000A2AD3C /* AppDelegate.swift */; };
		9495506525F92F1000A2AD3C /* SceneDelegate.swift in Sources */ = {isa = PBXBuildFile; fileRef = 9495506425F92F1000A2AD3C /* SceneDelegate.swift */; };
		9495506725F92F1000A2AD3C /* ViewController.swift in Sources */ = {isa = PBXBuildFile; fileRef = 9495506625F92F1000A2AD3C /* ViewController.swift */; };
		9495506A25F92F1000A2AD3C /* Main.storyboard in Resources */ = {isa = PBXBuildFile; fileRef = 9495506825F92F1000A2AD3C /* Main.storyboard */; };
		9495506C25F92F1400A2AD3C /* Assets.xcassets in Resources */ = {isa = PBXBuildFile; fileRef = 9495506B25F92F1400A2AD3C /* Assets.xcassets */; };
		9495506F25F92F1400A2AD3C /* LaunchScreen.storyboard in Resources */ = {isa = PBXBuildFile; fileRef = 9495506D25F92F1400A2AD3C /* LaunchScreen.storyboard */; };
		9495507825F92F3F00A2AD3C /* NetworkService.swift in Sources */ = {isa = PBXBuildFile; fileRef = 9495507725F92F3F00A2AD3C /* NetworkService.swift */; };
		94C9449825FE4AAC004DC9D9 /* Person.swift in Sources */ = {isa = PBXBuildFile; fileRef = 94C9449725FE4AAC004DC9D9 /* Person.swift */; };
		94C9449B25FEA9AD004DC9D9 /* TrainRequest.swift in Sources */ = {isa = PBXBuildFile; fileRef = 94C9449A25FEA9AD004DC9D9 /* TrainRequest.swift */; };
		94C944E326039125004DC9D9 /* JsonConvertible.swift in Sources */ = {isa = PBXBuildFile; fileRef = 94C944E226039123004DC9D9 /* JsonConvertible.swift */; };
		94C944E6260391E6004DC9D9 /* ViewModel.swift in Sources */ = {isa = PBXBuildFile; fileRef = 94C944E5260391E6004DC9D9 /* ViewModel.swift */; };
		94C944E92603924D004DC9D9 /* RequestFactory.swift in Sources */ = {isa = PBXBuildFile; fileRef = 94C944E82603924D004DC9D9 /* RequestFactory.swift */; };
/* End PBXBuildFile section */

/* Begin PBXFileReference section */
		945609FD26177470008E48B9 /* Constants.swift */ = {isa = PBXFileReference; lastKnownFileType = sourcecode.swift; path = Constants.swift; sourceTree = "<group>"; };
		94560A002617ABD5008E48B9 /* AppConfiguration.swift */ = {isa = PBXFileReference; lastKnownFileType = sourcecode.swift; path = AppConfiguration.swift; sourceTree = "<group>"; };
		946E56EF264AF063009D4276 /* IndianTrains.swift */ = {isa = PBXFileReference; lastKnownFileType = sourcecode.swift; path = IndianTrains.swift; sourceTree = "<group>"; };
		946E56F3264AF2AA009D4276 /* TrainName.swift */ = {isa = PBXFileReference; lastKnownFileType = sourcecode.swift; path = TrainName.swift; sourceTree = "<group>"; };
		9495505F25F92F1000A2AD3C /* NetworkProject.app */ = {isa = PBXFileReference; explicitFileType = wrapper.application; includeInIndex = 0; path = NetworkProject.app; sourceTree = BUILT_PRODUCTS_DIR; };
		9495506225F92F1000A2AD3C /* AppDelegate.swift */ = {isa = PBXFileReference; lastKnownFileType = sourcecode.swift; path = AppDelegate.swift; sourceTree = "<group>"; };
		9495506425F92F1000A2AD3C /* SceneDelegate.swift */ = {isa = PBXFileReference; lastKnownFileType = sourcecode.swift; path = SceneDelegate.swift; sourceTree = "<group>"; };
		9495506625F92F1000A2AD3C /* ViewController.swift */ = {isa = PBXFileReference; lastKnownFileType = sourcecode.swift; path = ViewController.swift; sourceTree = "<group>"; };
		9495506925F92F1000A2AD3C /* Base */ = {isa = PBXFileReference; lastKnownFileType = file.storyboard; name = Base; path = Base.lproj/Main.storyboard; sourceTree = "<group>"; };
		9495506B25F92F1400A2AD3C /* Assets.xcassets */ = {isa = PBXFileReference; lastKnownFileType = folder.assetcatalog; path = Assets.xcassets; sourceTree = "<group>"; };
		9495506E25F92F1400A2AD3C /* Base */ = {isa = PBXFileReference; lastKnownFileType = file.storyboard; name = Base; path = Base.lproj/LaunchScreen.storyboard; sourceTree = "<group>"; };
		9495507025F92F1400A2AD3C /* Info.plist */ = {isa = PBXFileReference; lastKnownFileType = text.plist.xml; path = Info.plist; sourceTree = "<group>"; };
		9495507725F92F3F00A2AD3C /* NetworkService.swift */ = {isa = PBXFileReference; lastKnownFileType = sourcecode.swift; path = NetworkService.swift; sourceTree = "<group>"; };
		94C9449725FE4AAC004DC9D9 /* Person.swift */ = {isa = PBXFileReference; lastKnownFileType = sourcecode.swift; path = Person.swift; sourceTree = "<group>"; };
		94C9449A25FEA9AD004DC9D9 /* TrainRequest.swift */ = {isa = PBXFileReference; lastKnownFileType = sourcecode.swift; path = TrainRequest.swift; sourceTree = "<group>"; };
		94C944E226039123004DC9D9 /* JsonConvertible.swift */ = {isa = PBXFileReference; lastKnownFileType = sourcecode.swift; path = JsonConvertible.swift; sourceTree = "<group>"; };
		94C944E5260391E6004DC9D9 /* ViewModel.swift */ = {isa = PBXFileReference; lastKnownFileType = sourcecode.swift; path = ViewModel.swift; sourceTree = "<group>"; };
		94C944E82603924D004DC9D9 /* RequestFactory.swift */ = {isa = PBXFileReference; lastKnownFileType = sourcecode.swift; path = RequestFactory.swift; sourceTree = "<group>"; };
/* End PBXFileReference section */

/* Begin PBXFrameworksBuildPhase section */
		9495505C25F92F1000A2AD3C /* Frameworks */ = {
			isa = PBXFrameworksBuildPhase;
			buildActionMask = 2147483647;
			files = (
			);
			runOnlyForDeploymentPostprocessing = 0;
		};
/* End PBXFrameworksBuildPhase section */

/* Begin PBXGroup section */
		946E56F2264AF299009D4276 /* Models */ = {
			isa = PBXGroup;
			children = (
				946E56F3264AF2AA009D4276 /* TrainName.swift */,
			);
			path = Models;
			sourceTree = "<group>";
		};
		9495505625F92F1000A2AD3C = {
			isa = PBXGroup;
			children = (
				9495506125F92F1000A2AD3C /* NetworkProject */,
				9495506025F92F1000A2AD3C /* Products */,
			);
			sourceTree = "<group>";
		};
		9495506025F92F1000A2AD3C /* Products */ = {
			isa = PBXGroup;
			children = (
				9495505F25F92F1000A2AD3C /* NetworkProject.app */,
			);
			name = Products;
			sourceTree = "<group>";
		};
		9495506125F92F1000A2AD3C /* NetworkProject */ = {
			isa = PBXGroup;
			children = (
				9495507025F92F1400A2AD3C /* Info.plist */,
				94C944EB26039470004DC9D9 /* Application */,
				94C944ED260394A1004DC9D9 /* View */,
				94C944EE260394B4004DC9D9 /* Network */,
			);
			path = NetworkProject;
			sourceTree = "<group>";
		};
		94C944EB26039470004DC9D9 /* Application */ = {
			isa = PBXGroup;
			children = (
				9495506225F92F1000A2AD3C /* AppDelegate.swift */,
				9495506425F92F1000A2AD3C /* SceneDelegate.swift */,
				9495506825F92F1000A2AD3C /* Main.storyboard */,
				9495506B25F92F1400A2AD3C /* Assets.xcassets */,
				9495506D25F92F1400A2AD3C /* LaunchScreen.storyboard */,
				945609FD26177470008E48B9 /* Constants.swift */,
				94560A002617ABD5008E48B9 /* AppConfiguration.swift */,
			);
			path = Application;
			sourceTree = "<group>";
		};
		94C944ED260394A1004DC9D9 /* View */ = {
			isa = PBXGroup;
			children = (
				9495506625F92F1000A2AD3C /* ViewController.swift */,
				94C944E5260391E6004DC9D9 /* ViewModel.swift */,
			);
			path = View;
			sourceTree = "<group>";
		};
		94C944EE260394B4004DC9D9 /* Network */ = {
			isa = PBXGroup;
			children = (
				946E56F2264AF299009D4276 /* Models */,
				9495507725F92F3F00A2AD3C /* NetworkService.swift */,
				94C9449725FE4AAC004DC9D9 /* Person.swift */,
				94C9449A25FEA9AD004DC9D9 /* TrainRequest.swift */,
				94C944E226039123004DC9D9 /* JsonConvertible.swift */,
				94C944E82603924D004DC9D9 /* RequestFactory.swift */,
				946E56EF264AF063009D4276 /* IndianTrains.swift */,
			);
			path = Network;
			sourceTree = "<group>";
		};
/* End PBXGroup section */

/* Begin PBXNativeTarget section */
		9495505E25F92F1000A2AD3C /* NetworkProject */ = {
			isa = PBXNativeTarget;
			buildConfigurationList = 9495507325F92F1400A2AD3C /* Build configuration list for PBXNativeTarget "NetworkProject" */;
			buildPhases = (
				9495505B25F92F1000A2AD3C /* Sources */,
				9495505C25F92F1000A2AD3C /* Frameworks */,
				9495505D25F92F1000A2AD3C /* Resources */,
			);
			buildRules = (
			);
			dependencies = (
			);
			name = NetworkProject;
			productName = NetworkProject;
			productReference = 9495505F25F92F1000A2AD3C /* NetworkProject.app */;
			productType = "com.apple.product-type.application";
		};
/* End PBXNativeTarget section */

/* Begin PBXProject section */
		9495505725F92F1000A2AD3C /* Project object */ = {
			isa = PBXProject;
			attributes = {
				LastSwiftUpdateCheck = 1240;
				LastUpgradeCheck = 1240;
				TargetAttributes = {
					9495505E25F92F1000A2AD3C = {
						CreatedOnToolsVersion = 12.4;
					};
				};
			};
			buildConfigurationList = 9495505A25F92F1000A2AD3C /* Build configuration list for PBXProject "NetworkProject" */;
			compatibilityVersion = "Xcode 9.3";
			developmentRegion = en;
			hasScannedForEncodings = 0;
			knownRegions = (
				en,
				Base,
			);
			mainGroup = 9495505625F92F1000A2AD3C;
			productRefGroup = 9495506025F92F1000A2AD3C /* Products */;
			projectDirPath = "";
			projectRoot = "";
			targets = (
				9495505E25F92F1000A2AD3C /* NetworkProject */,
			);
		};
/* End PBXProject section */

/* Begin PBXResourcesBuildPhase section */
		9495505D25F92F1000A2AD3C /* Resources */ = {
			isa = PBXResourcesBuildPhase;
			buildActionMask = 2147483647;
			files = (
				9495506F25F92F1400A2AD3C /* LaunchScreen.storyboard in Resources */,
				9495506C25F92F1400A2AD3C /* Assets.xcassets in Resources */,
				9495506A25F92F1000A2AD3C /* Main.storyboard in Resources */,
			);
			runOnlyForDeploymentPostprocessing = 0;
		};
/* End PBXResourcesBuildPhase section */

/* Begin PBXSourcesBuildPhase section */
		9495505B25F92F1000A2AD3C /* Sources */ = {
			isa = PBXSourcesBuildPhase;
			buildActionMask = 2147483647;
			files = (
				946E56F4264AF2AA009D4276 /* TrainName.swift in Sources */,
				94C944E92603924D004DC9D9 /* RequestFactory.swift in Sources */,
				946E56F0264AF063009D4276 /* IndianTrains.swift in Sources */,
				94C9449825FE4AAC004DC9D9 /* Person.swift in Sources */,
				9495506725F92F1000A2AD3C /* ViewController.swift in Sources */,
				9495506325F92F1000A2AD3C /* AppDelegate.swift in Sources */,
				94C9449B25FEA9AD004DC9D9 /* TrainRequest.swift in Sources */,
				94560A012617ABD5008E48B9 /* AppConfiguration.swift in Sources */,
				945609FE26177470008E48B9 /* Constants.swift in Sources */,
				94C944E326039125004DC9D9 /* JsonConvertible.swift in Sources */,
				9495507825F92F3F00A2AD3C /* NetworkService.swift in Sources */,
				94C944E6260391E6004DC9D9 /* ViewModel.swift in Sources */,
				9495506525F92F1000A2AD3C /* SceneDelegate.swift in Sources */,
			);
			runOnlyForDeploymentPostprocessing = 0;
		};
/* End PBXSourcesBuildPhase section */

/* Begin PBXVariantGroup section */
		9495506825F92F1000A2AD3C /* Main.storyboard */ = {
			isa = PBXVariantGroup;
			children = (
				9495506925F92F1000A2AD3C /* Base */,
			);
			name = Main.storyboard;
			sourceTree = "<group>";
		};
		9495506D25F92F1400A2AD3C /* LaunchScreen.storyboard */ = {
			isa = PBXVariantGroup;
			children = (
				9495506E25F92F1400A2AD3C /* Base */,
			);
			name = LaunchScreen.storyboard;
			sourceTree = "<group>";
		};
/* End PBXVariantGroup section */

/* Begin XCBuildConfiguration section */
		9495507125F92F1400A2AD3C /* Debug */ = {
			isa = XCBuildConfiguration;
			buildSettings = {
				ALWAYS_SEARCH_USER_PATHS = NO;
				CLANG_ANALYZER_NONNULL = YES;
				CLANG_ANALYZER_NUMBER_OBJECT_CONVERSION = YES_AGGRESSIVE;
				CLANG_CXX_LANGUAGE_STANDARD = "gnu++14";
				CLANG_CXX_LIBRARY = "libc++";
				CLANG_ENABLE_MODULES = YES;
				CLANG_ENABLE_OBJC_ARC = YES;
				CLANG_ENABLE_OBJC_WEAK = YES;
				CLANG_WARN_BLOCK_CAPTURE_AUTORELEASING = YES;
				CLANG_WARN_BOOL_CONVERSION = YES;
				CLANG_WARN_COMMA = YES;
				CLANG_WARN_CONSTANT_CONVERSION = YES;
				CLANG_WARN_DEPRECATED_OBJC_IMPLEMENTATIONS = YES;
				CLANG_WARN_DIRECT_OBJC_ISA_USAGE = YES_ERROR;
				CLANG_WARN_DOCUMENTATION_COMMENTS = YES;
				CLANG_WARN_EMPTY_BODY = YES;
				CLANG_WARN_ENUM_CONVERSION = YES;
				CLANG_WARN_INFINITE_RECURSION = YES;
				CLANG_WARN_INT_CONVERSION = YES;
				CLANG_WARN_NON_LITERAL_NULL_CONVERSION = YES;
				CLANG_WARN_OBJC_IMPLICIT_RETAIN_SELF = YES;
				CLANG_WARN_OBJC_LITERAL_CONVERSION = YES;
				CLANG_WARN_OBJC_ROOT_CLASS = YES_ERROR;
				CLANG_WARN_QUOTED_INCLUDE_IN_FRAMEWORK_HEADER = YES;
				CLANG_WARN_RANGE_LOOP_ANALYSIS = YES;
				CLANG_WARN_STRICT_PROTOTYPES = YES;
				CLANG_WARN_SUSPICIOUS_MOVE = YES;
				CLANG_WARN_UNGUARDED_AVAILABILITY = YES_AGGRESSIVE;
				CLANG_WARN_UNREACHABLE_CODE = YES;
				CLANG_WARN__DUPLICATE_METHOD_MATCH = YES;
				COPY_PHASE_STRIP = NO;
				DEBUG_INFORMATION_FORMAT = dwarf;
				ENABLE_STRICT_OBJC_MSGSEND = YES;
				ENABLE_TESTABILITY = YES;
				GCC_C_LANGUAGE_STANDARD = gnu11;
				GCC_DYNAMIC_NO_PIC = NO;
				GCC_NO_COMMON_BLOCKS = YES;
				GCC_OPTIMIZATION_LEVEL = 0;
				GCC_PREPROCESSOR_DEFINITIONS = (
					"DEBUG=1",
					"$(inherited)",
				);
				GCC_WARN_64_TO_32_BIT_CONVERSION = YES;
				GCC_WARN_ABOUT_RETURN_TYPE = YES_ERROR;
				GCC_WARN_UNDECLARED_SELECTOR = YES;
				GCC_WARN_UNINITIALIZED_AUTOS = YES_AGGRESSIVE;
				GCC_WARN_UNUSED_FUNCTION = YES;
				GCC_WARN_UNUSED_VARIABLE = YES;
				IPHONEOS_DEPLOYMENT_TARGET = 14.4;
				MTL_ENABLE_DEBUG_INFO = INCLUDE_SOURCE;
				MTL_FAST_MATH = YES;
				ONLY_ACTIVE_ARCH = YES;
				SDKROOT = iphoneos;
				SWIFT_ACTIVE_COMPILATION_CONDITIONS = DEBUG;
				SWIFT_OPTIMIZATION_LEVEL = "-Onone";
			};
			name = Debug;
		};
		9495507225F92F1400A2AD3C /* Release */ = {
			isa = XCBuildConfiguration;
			buildSettings = {
				ALWAYS_SEARCH_USER_PATHS = NO;
				CLANG_ANALYZER_NONNULL = YES;
				CLANG_ANALYZER_NUMBER_OBJECT_CONVERSION = YES_AGGRESSIVE;
				CLANG_CXX_LANGUAGE_STANDARD = "gnu++14";
				CLANG_CXX_LIBRARY = "libc++";
				CLANG_ENABLE_MODULES = YES;
				CLANG_ENABLE_OBJC_ARC = YES;
				CLANG_ENABLE_OBJC_WEAK = YES;
				CLANG_WARN_BLOCK_CAPTURE_AUTORELEASING = YES;
				CLANG_WARN_BOOL_CONVERSION = YES;
				CLANG_WARN_COMMA = YES;
				CLANG_WARN_CONSTANT_CONVERSION = YES;
				CLANG_WARN_DEPRECATED_OBJC_IMPLEMENTATIONS = YES;
				CLANG_WARN_DIRECT_OBJC_ISA_USAGE = YES_ERROR;
				CLANG_WARN_DOCUMENTATION_COMMENTS = YES;
				CLANG_WARN_EMPTY_BODY = YES;
				CLANG_WARN_ENUM_CONVERSION = YES;
				CLANG_WARN_INFINITE_RECURSION = YES;
				CLANG_WARN_INT_CONVERSION = YES;
				CLANG_WARN_NON_LITERAL_NULL_CONVERSION = YES;
				CLANG_WARN_OBJC_IMPLICIT_RETAIN_SELF = YES;
				CLANG_WARN_OBJC_LITERAL_CONVERSION = YES;
				CLANG_WARN_OBJC_ROOT_CLASS = YES_ERROR;
				CLANG_WARN_QUOTED_INCLUDE_IN_FRAMEWORK_HEADER = YES;
				CLANG_WARN_RANGE_LOOP_ANALYSIS = YES;
				CLANG_WARN_STRICT_PROTOTYPES = YES;
				CLANG_WARN_SUSPICIOUS_MOVE = YES;
				CLANG_WARN_UNGUARDED_AVAILABILITY = YES_AGGRESSIVE;
				CLANG_WARN_UNREACHABLE_CODE = YES;
				CLANG_WARN__DUPLICATE_METHOD_MATCH = YES;
				COPY_PHASE_STRIP = NO;
				DEBUG_INFORMATION_FORMAT = "dwarf-with-dsym";
				ENABLE_NS_ASSERTIONS = NO;
				ENABLE_STRICT_OBJC_MSGSEND = YES;
				GCC_C_LANGUAGE_STANDARD = gnu11;
				GCC_NO_COMMON_BLOCKS = YES;
				GCC_WARN_64_TO_32_BIT_CONVERSION = YES;
				GCC_WARN_ABOUT_RETURN_TYPE = YES_ERROR;
				GCC_WARN_UNDECLARED_SELECTOR = YES;
				GCC_WARN_UNINITIALIZED_AUTOS = YES_AGGRESSIVE;
				GCC_WARN_UNUSED_FUNCTION = YES;
				GCC_WARN_UNUSED_VARIABLE = YES;
				IPHONEOS_DEPLOYMENT_TARGET = 14.4;
				MTL_ENABLE_DEBUG_INFO = NO;
				MTL_FAST_MATH = YES;
				SDKROOT = iphoneos;
				SWIFT_COMPILATION_MODE = wholemodule;
				SWIFT_OPTIMIZATION_LEVEL = "-O";
				VALIDATE_PRODUCT = YES;
			};
			name = Release;
		};
		9495507425F92F1400A2AD3C /* Debug */ = {
			isa = XCBuildConfiguration;
			buildSettings = {
				ASSETCATALOG_COMPILER_APPICON_NAME = AppIcon;
				ASSETCATALOG_COMPILER_GLOBAL_ACCENT_COLOR_NAME = AccentColor;
				CODE_SIGN_STYLE = Automatic;
				DEVELOPMENT_TEAM = V89XV7JPM2;
				INFOPLIST_FILE = NetworkProject/Info.plist;
				LD_RUNPATH_SEARCH_PATHS = (
					"$(inherited)",
					"@executable_path/Frameworks",
				);
				PRODUCT_BUNDLE_IDENTIFIER = com.maxim.NetworkProject;
				PRODUCT_NAME = "$(TARGET_NAME)";
				SWIFT_VERSION = 5.0;
				TARGETED_DEVICE_FAMILY = "1,2";
			};
			name = Debug;
		};
		9495507525F92F1400A2AD3C /* Release */ = {
			isa = XCBuildConfiguration;
			buildSettings = {
				ASSETCATALOG_COMPILER_APPICON_NAME = AppIcon;
				ASSETCATALOG_COMPILER_GLOBAL_ACCENT_COLOR_NAME = AccentColor;
				CODE_SIGN_STYLE = Automatic;
				DEVELOPMENT_TEAM = V89XV7JPM2;
				INFOPLIST_FILE = NetworkProject/Info.plist;
				LD_RUNPATH_SEARCH_PATHS = (
					"$(inherited)",
					"@executable_path/Frameworks",
				);
				PRODUCT_BUNDLE_IDENTIFIER = com.maxim.NetworkProject;
				PRODUCT_NAME = "$(TARGET_NAME)";
				SWIFT_VERSION = 5.0;
				TARGETED_DEVICE_FAMILY = "1,2";
			};
			name = Release;
		};
/* End XCBuildConfiguration section */

/* Begin XCConfigurationList section */
		9495505A25F92F1000A2AD3C /* Build configuration list for PBXProject "NetworkProject" */ = {
			isa = XCConfigurationList;
			buildConfigurations = (
				9495507125F92F1400A2AD3C /* Debug */,
				9495507225F92F1400A2AD3C /* Release */,
			);
			defaultConfigurationIsVisible = 0;
			defaultConfigurationName = Release;
		};
		9495507325F92F1400A2AD3C /* Build configuration list for PBXNativeTarget "NetworkProject" */ = {
			isa = XCConfigurationList;
			buildConfigurations = (
				9495507425F92F1400A2AD3C /* Debug */,
				9495507525F92F1400A2AD3C /* Release */,
			);
			defaultConfigurationIsVisible = 0;
			defaultConfigurationName = Release;
		};
/* End XCConfigurationList section */
	};
	rootObject = 9495505725F92F1000A2AD3C /* Project object */;
}
